
Microsoft Visual Studio Solution File, Format Version 12.00
Project("{FAE04EC0-301F-11D3-BF4B-00C04F79EFBC}") = "Prism.Picshare", "libs\Prism.Picshare\Prism.Picshare.csproj", "{800BA4A7-4E72-4415-B092-ED706EAB95EC}"
EndProject
Project("{2150E333-8FDC-42A3-9474-1A3956D46DE8}") = "libs", "libs", "{05024BD0-1416-4760-8A5A-1E8E02D79F6E}"
EndProject
Project("{FAE04EC0-301F-11D3-BF4B-00C04F79EFBC}") = "Prism.Picshare.Tests", "libs\Prism.Picshare.Tests\Prism.Picshare.Tests.csproj", "{9AA872E3-8569-4820-948E-B7C3F908AA16}"
EndProject
Project("{FAE04EC0-301F-11D3-BF4B-00C04F79EFBC}") = "Prism.Picshare.Insights", "libs\Prism.Picshare.Insights\Prism.Picshare.Insights.csproj", "{D2AB04C4-566C-49D6-8D21-6CF0BE43E01E}"
EndProject
Project("{FAE04EC0-301F-11D3-BF4B-00C04F79EFBC}") = "Prism.Picshare.Insights.Tests", "libs\Prism.Picshare.Insights.Tests\Prism.Picshare.Insights.Tests.csproj", "{9042A11D-BBBF-4E09-B0F5-ACD1DF6A9FDE}"
EndProject
Project("{2150E333-8FDC-42A3-9474-1A3956D46DE8}") = "insights", "insights", "{66BAE5D2-F98F-4344-A72D-1723162D9172}"
EndProject
Project("{2150E333-8FDC-42A3-9474-1A3956D46DE8}") = "services", "services", "{A02333E8-4F7B-4388-B3ED-38C5585A767D}"
EndProject
Project("{2150E333-8FDC-42A3-9474-1A3956D46DE8}") = "authentication", "authentication", "{ADE60765-24A6-42AE-A0B0-6E95A5D1A677}"
EndProject
Project("{FAE04EC0-301F-11D3-BF4B-00C04F79EFBC}") = "Prism.Picshare.Services.Authentication", "services\authentication\Prism.Picshare.Services.Authentication\Prism.Picshare.Services.Authentication.csproj", "{A6B0AD8D-7558-4249-98D4-AA133A20A816}"
EndProject
Project("{FAE04EC0-301F-11D3-BF4B-00C04F79EFBC}") = "Prism.Picshare.Services.Authentication.Tests", "services\authentication\Prism.Picshare.Services.Authentication.Tests\Prism.Picshare.Services.Authentication.Tests.csproj", "{AF5D312E-5B1D-4F8E-8E6F-0FB4EE622ADC}"
EndProject
Project("{2150E333-8FDC-42A3-9474-1A3956D46DE8}") = "mailing", "mailing", "{270ADA3E-0378-429A-AB6D-FBA5EE9BE865}"
EndProject
Project("{FAE04EC0-301F-11D3-BF4B-00C04F79EFBC}") = "Prism.Picshare.Services.Mailing", "services\mailing\Prism.Picshare.Services.Mailing\Prism.Picshare.Services.Mailing.csproj", "{336E7557-FB88-4842-BA6D-59D9585D18CE}"
EndProject
Project("{FAE04EC0-301F-11D3-BF4B-00C04F79EFBC}") = "Prism.Picshare.Services.Mailing.Tests", "services\mailing\Prism.Picshare.Services.Mailing.Tests\Prism.Picshare.Services.Mailing.Tests.csproj", "{DEEAE735-8C51-4847-AE76-E7C9ED738F63}"
EndProject
Project("{2150E333-8FDC-42A3-9474-1A3956D46DE8}") = "pictures", "pictures", "{DF145F6E-241F-4FE7-AC49-B910458BD903}"
EndProject
Project("{FAE04EC0-301F-11D3-BF4B-00C04F79EFBC}") = "Prism.Picshare.Services.Pictures", "services\pictures\Prism.Picshare.Services.Pictures\Prism.Picshare.Services.Pictures.csproj", "{75DE15AB-C4B3-4777-B770-A62FFE7E5EAA}"
EndProject
Project("{FAE04EC0-301F-11D3-BF4B-00C04F79EFBC}") = "Prism.Picshare.Services.Pictures.Tests", "services\pictures\Prism.Picshare.Services.Pictures.Tests\Prism.Picshare.Services.Pictures.Tests.csproj", "{EAB081E8-399F-4716-8B87-F89EB7492979}"
EndProject
Project("{FAE04EC0-301F-11D3-BF4B-00C04F79EFBC}") = "Prism.Picshare.AspNetCore", "libs\Prism.Picshare.AspNetCore\Prism.Picshare.AspNetCore.csproj", "{CA0C2B00-EB03-44E0-9540-8370A8AD4151}"
EndProject
Global
	GlobalSection(SolutionConfigurationPlatforms) = preSolution
		Debug|Any CPU = Debug|Any CPU
		Release|Any CPU = Release|Any CPU
	EndGlobalSection
	GlobalSection(ProjectConfigurationPlatforms) = postSolution
		{800BA4A7-4E72-4415-B092-ED706EAB95EC}.Debug|Any CPU.ActiveCfg = Debug|Any CPU
		{800BA4A7-4E72-4415-B092-ED706EAB95EC}.Debug|Any CPU.Build.0 = Debug|Any CPU
		{800BA4A7-4E72-4415-B092-ED706EAB95EC}.Release|Any CPU.ActiveCfg = Release|Any CPU
		{800BA4A7-4E72-4415-B092-ED706EAB95EC}.Release|Any CPU.Build.0 = Release|Any CPU
		{9AA872E3-8569-4820-948E-B7C3F908AA16}.Debug|Any CPU.ActiveCfg = Debug|Any CPU
		{9AA872E3-8569-4820-948E-B7C3F908AA16}.Debug|Any CPU.Build.0 = Debug|Any CPU
		{9AA872E3-8569-4820-948E-B7C3F908AA16}.Release|Any CPU.ActiveCfg = Release|Any CPU
		{9AA872E3-8569-4820-948E-B7C3F908AA16}.Release|Any CPU.Build.0 = Release|Any CPU
		{D2AB04C4-566C-49D6-8D21-6CF0BE43E01E}.Debug|Any CPU.ActiveCfg = Debug|Any CPU
		{D2AB04C4-566C-49D6-8D21-6CF0BE43E01E}.Debug|Any CPU.Build.0 = Debug|Any CPU
		{D2AB04C4-566C-49D6-8D21-6CF0BE43E01E}.Release|Any CPU.ActiveCfg = Release|Any CPU
		{D2AB04C4-566C-49D6-8D21-6CF0BE43E01E}.Release|Any CPU.Build.0 = Release|Any CPU
		{9042A11D-BBBF-4E09-B0F5-ACD1DF6A9FDE}.Debug|Any CPU.ActiveCfg = Debug|Any CPU
		{9042A11D-BBBF-4E09-B0F5-ACD1DF6A9FDE}.Debug|Any CPU.Build.0 = Debug|Any CPU
		{9042A11D-BBBF-4E09-B0F5-ACD1DF6A9FDE}.Release|Any CPU.ActiveCfg = Release|Any CPU
		{9042A11D-BBBF-4E09-B0F5-ACD1DF6A9FDE}.Release|Any CPU.Build.0 = Release|Any CPU
		{A6B0AD8D-7558-4249-98D4-AA133A20A816}.Debug|Any CPU.ActiveCfg = Debug|Any CPU
		{A6B0AD8D-7558-4249-98D4-AA133A20A816}.Debug|Any CPU.Build.0 = Debug|Any CPU
		{A6B0AD8D-7558-4249-98D4-AA133A20A816}.Release|Any CPU.ActiveCfg = Release|Any CPU
		{A6B0AD8D-7558-4249-98D4-AA133A20A816}.Release|Any CPU.Build.0 = Release|Any CPU
		{AF5D312E-5B1D-4F8E-8E6F-0FB4EE622ADC}.Debug|Any CPU.ActiveCfg = Debug|Any CPU
		{AF5D312E-5B1D-4F8E-8E6F-0FB4EE622ADC}.Debug|Any CPU.Build.0 = Debug|Any CPU
		{AF5D312E-5B1D-4F8E-8E6F-0FB4EE622ADC}.Release|Any CPU.ActiveCfg = Release|Any CPU
		{AF5D312E-5B1D-4F8E-8E6F-0FB4EE622ADC}.Release|Any CPU.Build.0 = Release|Any CPU
		{336E7557-FB88-4842-BA6D-59D9585D18CE}.Debug|Any CPU.ActiveCfg = Debug|Any CPU
		{336E7557-FB88-4842-BA6D-59D9585D18CE}.Debug|Any CPU.Build.0 = Debug|Any CPU
		{336E7557-FB88-4842-BA6D-59D9585D18CE}.Release|Any CPU.ActiveCfg = Release|Any CPU
		{336E7557-FB88-4842-BA6D-59D9585D18CE}.Release|Any CPU.Build.0 = Release|Any CPU
		{DEEAE735-8C51-4847-AE76-E7C9ED738F63}.Debug|Any CPU.ActiveCfg = Debug|Any CPU
		{DEEAE735-8C51-4847-AE76-E7C9ED738F63}.Debug|Any CPU.Build.0 = Debug|Any CPU
		{DEEAE735-8C51-4847-AE76-E7C9ED738F63}.Release|Any CPU.ActiveCfg = Release|Any CPU
		{DEEAE735-8C51-4847-AE76-E7C9ED738F63}.Release|Any CPU.Build.0 = Release|Any CPU
		{75DE15AB-C4B3-4777-B770-A62FFE7E5EAA}.Debug|Any CPU.ActiveCfg = Debug|Any CPU
		{75DE15AB-C4B3-4777-B770-A62FFE7E5EAA}.Debug|Any CPU.Build.0 = Debug|Any CPU
		{75DE15AB-C4B3-4777-B770-A62FFE7E5EAA}.Release|Any CPU.ActiveCfg = Release|Any CPU
		{75DE15AB-C4B3-4777-B770-A62FFE7E5EAA}.Release|Any CPU.Build.0 = Release|Any CPU
		{EAB081E8-399F-4716-8B87-F89EB7492979}.Debug|Any CPU.ActiveCfg = Debug|Any CPU
		{EAB081E8-399F-4716-8B87-F89EB7492979}.Debug|Any CPU.Build.0 = Debug|Any CPU
		{EAB081E8-399F-4716-8B87-F89EB7492979}.Release|Any CPU.ActiveCfg = Release|Any CPU
		{EAB081E8-399F-4716-8B87-F89EB7492979}.Release|Any CPU.Build.0 = Release|Any CPU
		{CA0C2B00-EB03-44E0-9540-8370A8AD4151}.Debug|Any CPU.ActiveCfg = Debug|Any CPU
		{CA0C2B00-EB03-44E0-9540-8370A8AD4151}.Debug|Any CPU.Build.0 = Debug|Any CPU
		{CA0C2B00-EB03-44E0-9540-8370A8AD4151}.Release|Any CPU.ActiveCfg = Release|Any CPU
		{CA0C2B00-EB03-44E0-9540-8370A8AD4151}.Release|Any CPU.Build.0 = Release|Any CPU
	EndGlobalSection
	GlobalSection(NestedProjects) = preSolution
		{800BA4A7-4E72-4415-B092-ED706EAB95EC} = {05024BD0-1416-4760-8A5A-1E8E02D79F6E}
		{9AA872E3-8569-4820-948E-B7C3F908AA16} = {05024BD0-1416-4760-8A5A-1E8E02D79F6E}
		{66BAE5D2-F98F-4344-A72D-1723162D9172} = {05024BD0-1416-4760-8A5A-1E8E02D79F6E}
		{9042A11D-BBBF-4E09-B0F5-ACD1DF6A9FDE} = {66BAE5D2-F98F-4344-A72D-1723162D9172}
		{D2AB04C4-566C-49D6-8D21-6CF0BE43E01E} = {66BAE5D2-F98F-4344-A72D-1723162D9172}
		{ADE60765-24A6-42AE-A0B0-6E95A5D1A677} = {A02333E8-4F7B-4388-B3ED-38C5585A767D}
		{A6B0AD8D-7558-4249-98D4-AA133A20A816} = {ADE60765-24A6-42AE-A0B0-6E95A5D1A677}
		{AF5D312E-5B1D-4F8E-8E6F-0FB4EE622ADC} = {ADE60765-24A6-42AE-A0B0-6E95A5D1A677}
		{270ADA3E-0378-429A-AB6D-FBA5EE9BE865} = {A02333E8-4F7B-4388-B3ED-38C5585A767D}
		{336E7557-FB88-4842-BA6D-59D9585D18CE} = {270ADA3E-0378-429A-AB6D-FBA5EE9BE865}
		{DEEAE735-8C51-4847-AE76-E7C9ED738F63} = {270ADA3E-0378-429A-AB6D-FBA5EE9BE865}
		{DF145F6E-241F-4FE7-AC49-B910458BD903} = {A02333E8-4F7B-4388-B3ED-38C5585A767D}
		{75DE15AB-C4B3-4777-B770-A62FFE7E5EAA} = {DF145F6E-241F-4FE7-AC49-B910458BD903}
		{EAB081E8-399F-4716-8B87-F89EB7492979} = {DF145F6E-241F-4FE7-AC49-B910458BD903}
		{CA0C2B00-EB03-44E0-9540-8370A8AD4151} = {05024BD0-1416-4760-8A5A-1E8E02D79F6E}
	EndGlobalSection
EndGlobal
