
Microsoft Visual Studio Solution File, Format Version 12.00
Project("{FAE04EC0-301F-11D3-BF4B-00C04F79EFBC}") = "Prism.Picshare.Functions", "Prism.Picshare.Functions\Prism.Picshare.Functions.csproj", "{00D2805A-212C-4129-A38F-B8FE8CA58FA9}"
EndProject
Project("{FAE04EC0-301F-11D3-BF4B-00C04F79EFBC}") = "Prism.Picshare", "Prism.Picshare\Prism.Picshare.csproj", "{0DCAA9DE-657D-429E-931E-1A450E416149}"
EndProject
Project("{FAE04EC0-301F-11D3-BF4B-00C04F79EFBC}") = "Prism.Picshare.Data", "Prism.Picshare.Data\Prism.Picshare.Data.csproj", "{19AD0C51-8E9F-4044-8AD8-8EE38C130AEA}"
EndProject
Project("{FAE04EC0-301F-11D3-BF4B-00C04F79EFBC}") = "Prism.Picshare.Data.Tests", "Prism.Picshare.Data.Tests\Prism.Picshare.Data.Tests.csproj", "{D1B8E528-B2A4-4089-B305-80462B700245}"
EndProject
Project("{FAE04EC0-301F-11D3-BF4B-00C04F79EFBC}") = "Prism.Picshare.Tests", "Prism.Picshare.Tests\Prism.Picshare.Tests.csproj", "{E8C74CF0-D7A0-4531-8E0E-A3131546EE91}"
EndProject
Project("{2150E333-8FDC-42A3-9474-1A3956D46DE8}") = "business", "business", "{88DCC8F7-7F75-4C9A-A387-12DE49C45351}"
EndProject
Project("{2150E333-8FDC-42A3-9474-1A3956D46DE8}") = "data", "data", "{0491FBA7-1160-49C3-86F0-9B0C7054403F}"
EndProject
Project("{FAE04EC0-301F-11D3-BF4B-00C04F79EFBC}") = "Prism.Picshare.Functions.Extensions", "Prism.Picshare.Functions.Extensions\Prism.Picshare.Functions.Extensions.csproj", "{120B1196-69A3-4D98-997B-CAE3171E8B70}"
EndProject
Project("{FAE04EC0-301F-11D3-BF4B-00C04F79EFBC}") = "Prism.Picshare.Functions.Extensions.Tests", "Prism.Picshare.Functions.Extensions.Tests\Prism.Picshare.Functions.Extensions.Tests.csproj", "{F791BF8A-1C8E-4B9A-825E-828D812A5DEB}"
EndProject
Project("{2150E333-8FDC-42A3-9474-1A3956D46DE8}") = "services", "services", "{3852254D-9E42-45D4-9A01-AF2B2A90CCE1}"
EndProject
Project("{FAE04EC0-301F-11D3-BF4B-00C04F79EFBC}") = "Prism.Picshare.Services.Photobooth", "Prism.Picshare.Services.Photobooth\Prism.Picshare.Services.Photobooth.csproj", "{4A6E76D6-49DA-4606-B8EE-AF96D8404A76}"
EndProject
Global
	GlobalSection(SolutionConfigurationPlatforms) = preSolution
		Debug|Any CPU = Debug|Any CPU
		Release|Any CPU = Release|Any CPU
	EndGlobalSection
	GlobalSection(ProjectConfigurationPlatforms) = postSolution
		{00D2805A-212C-4129-A38F-B8FE8CA58FA9}.Debug|Any CPU.ActiveCfg = Debug|Any CPU
		{00D2805A-212C-4129-A38F-B8FE8CA58FA9}.Debug|Any CPU.Build.0 = Debug|Any CPU
		{00D2805A-212C-4129-A38F-B8FE8CA58FA9}.Release|Any CPU.ActiveCfg = Release|Any CPU
		{00D2805A-212C-4129-A38F-B8FE8CA58FA9}.Release|Any CPU.Build.0 = Release|Any CPU
		{0DCAA9DE-657D-429E-931E-1A450E416149}.Debug|Any CPU.ActiveCfg = Debug|Any CPU
		{0DCAA9DE-657D-429E-931E-1A450E416149}.Debug|Any CPU.Build.0 = Debug|Any CPU
		{0DCAA9DE-657D-429E-931E-1A450E416149}.Release|Any CPU.ActiveCfg = Release|Any CPU
		{0DCAA9DE-657D-429E-931E-1A450E416149}.Release|Any CPU.Build.0 = Release|Any CPU
		{19AD0C51-8E9F-4044-8AD8-8EE38C130AEA}.Debug|Any CPU.ActiveCfg = Debug|Any CPU
		{19AD0C51-8E9F-4044-8AD8-8EE38C130AEA}.Debug|Any CPU.Build.0 = Debug|Any CPU
		{19AD0C51-8E9F-4044-8AD8-8EE38C130AEA}.Release|Any CPU.ActiveCfg = Release|Any CPU
		{19AD0C51-8E9F-4044-8AD8-8EE38C130AEA}.Release|Any CPU.Build.0 = Release|Any CPU
		{D1B8E528-B2A4-4089-B305-80462B700245}.Debug|Any CPU.ActiveCfg = Debug|Any CPU
		{D1B8E528-B2A4-4089-B305-80462B700245}.Debug|Any CPU.Build.0 = Debug|Any CPU
		{D1B8E528-B2A4-4089-B305-80462B700245}.Release|Any CPU.ActiveCfg = Release|Any CPU
		{D1B8E528-B2A4-4089-B305-80462B700245}.Release|Any CPU.Build.0 = Release|Any CPU
		{E8C74CF0-D7A0-4531-8E0E-A3131546EE91}.Debug|Any CPU.ActiveCfg = Debug|Any CPU
		{E8C74CF0-D7A0-4531-8E0E-A3131546EE91}.Debug|Any CPU.Build.0 = Debug|Any CPU
		{E8C74CF0-D7A0-4531-8E0E-A3131546EE91}.Release|Any CPU.ActiveCfg = Release|Any CPU
		{E8C74CF0-D7A0-4531-8E0E-A3131546EE91}.Release|Any CPU.Build.0 = Release|Any CPU
		{120B1196-69A3-4D98-997B-CAE3171E8B70}.Debug|Any CPU.ActiveCfg = Debug|Any CPU
		{120B1196-69A3-4D98-997B-CAE3171E8B70}.Debug|Any CPU.Build.0 = Debug|Any CPU
		{120B1196-69A3-4D98-997B-CAE3171E8B70}.Release|Any CPU.ActiveCfg = Release|Any CPU
		{120B1196-69A3-4D98-997B-CAE3171E8B70}.Release|Any CPU.Build.0 = Release|Any CPU
		{F791BF8A-1C8E-4B9A-825E-828D812A5DEB}.Debug|Any CPU.ActiveCfg = Debug|Any CPU
		{F791BF8A-1C8E-4B9A-825E-828D812A5DEB}.Debug|Any CPU.Build.0 = Debug|Any CPU
		{F791BF8A-1C8E-4B9A-825E-828D812A5DEB}.Release|Any CPU.ActiveCfg = Release|Any CPU
		{F791BF8A-1C8E-4B9A-825E-828D812A5DEB}.Release|Any CPU.Build.0 = Release|Any CPU
		{4A6E76D6-49DA-4606-B8EE-AF96D8404A76}.Debug|Any CPU.ActiveCfg = Debug|Any CPU
		{4A6E76D6-49DA-4606-B8EE-AF96D8404A76}.Debug|Any CPU.Build.0 = Debug|Any CPU
		{4A6E76D6-49DA-4606-B8EE-AF96D8404A76}.Release|Any CPU.ActiveCfg = Release|Any CPU
		{4A6E76D6-49DA-4606-B8EE-AF96D8404A76}.Release|Any CPU.Build.0 = Release|Any CPU
	EndGlobalSection
	GlobalSection(NestedProjects) = preSolution
		{0DCAA9DE-657D-429E-931E-1A450E416149} = {88DCC8F7-7F75-4C9A-A387-12DE49C45351}
		{E8C74CF0-D7A0-4531-8E0E-A3131546EE91} = {88DCC8F7-7F75-4C9A-A387-12DE49C45351}
		{19AD0C51-8E9F-4044-8AD8-8EE38C130AEA} = {0491FBA7-1160-49C3-86F0-9B0C7054403F}
		{D1B8E528-B2A4-4089-B305-80462B700245} = {0491FBA7-1160-49C3-86F0-9B0C7054403F}
		{00D2805A-212C-4129-A38F-B8FE8CA58FA9} = {3852254D-9E42-45D4-9A01-AF2B2A90CCE1}
		{120B1196-69A3-4D98-997B-CAE3171E8B70} = {3852254D-9E42-45D4-9A01-AF2B2A90CCE1}
		{F791BF8A-1C8E-4B9A-825E-828D812A5DEB} = {3852254D-9E42-45D4-9A01-AF2B2A90CCE1}
		{4A6E76D6-49DA-4606-B8EE-AF96D8404A76} = {3852254D-9E42-45D4-9A01-AF2B2A90CCE1}
	EndGlobalSection
EndGlobal
