
Microsoft Visual Studio Solution File, Format Version 12.00
Project("{FAE04EC0-301F-11D3-BF4B-00C04F79EFBC}") = "Prism.Picshare", "Prism.Picshare\Prism.Picshare.csproj", "{0DCAA9DE-657D-429E-931E-1A450E416149}"
EndProject
Project("{FAE04EC0-301F-11D3-BF4B-00C04F79EFBC}") = "Prism.Picshare.Tests", "Prism.Picshare.Tests\Prism.Picshare.Tests.csproj", "{E8C74CF0-D7A0-4531-8E0E-A3131546EE91}"
EndProject
Project("{2150E333-8FDC-42A3-9474-1A3956D46DE8}") = "business", "business", "{88DCC8F7-7F75-4C9A-A387-12DE49C45351}"
EndProject
Project("{2150E333-8FDC-42A3-9474-1A3956D46DE8}") = "services", "services", "{3852254D-9E42-45D4-9A01-AF2B2A90CCE1}"
EndProject
Project("{FAE04EC0-301F-11D3-BF4B-00C04F79EFBC}") = "Prism.Picshare.Services.Photobooth", "Prism.Picshare.Services.Photobooth\Prism.Picshare.Services.Photobooth.csproj", "{4A6E76D6-49DA-4606-B8EE-AF96D8404A76}"
EndProject
Project("{FAE04EC0-301F-11D3-BF4B-00C04F79EFBC}") = "Prism.Picshare.Services.Photobooth.Tests", "Prism.Picshare.Services.Photobooth.Tests\Prism.Picshare.Services.Photobooth.Tests.csproj", "{9BD7AFA3-0F27-4372-8ABB-5A85B4B78506}"
EndProject
Project("{FAE04EC0-301F-11D3-BF4B-00C04F79EFBC}") = "Prism.Picshare.Services.Photobooth.Live", "Prism.Picshare.Services.Photobooth.Live\Prism.Picshare.Services.Photobooth.Live.csproj", "{955CAF64-E30A-4B56-89D6-40D634008F68}"
EndProject
Project("{FAE04EC0-301F-11D3-BF4B-00C04F79EFBC}") = "Prism.Picshare.Services.Photobooth.Live.Tests", "Prism.Picshare.Services.Photobooth.Live.Tests\Prism.Picshare.Services.Photobooth.Live.Tests.csproj", "{3B528C8E-60DD-434E-81D7-C78700C7EF84}"
EndProject
Global
	GlobalSection(SolutionConfigurationPlatforms) = preSolution
		Debug|Any CPU = Debug|Any CPU
		Release|Any CPU = Release|Any CPU
	EndGlobalSection
	GlobalSection(ProjectConfigurationPlatforms) = postSolution
		{0DCAA9DE-657D-429E-931E-1A450E416149}.Debug|Any CPU.ActiveCfg = Debug|Any CPU
		{0DCAA9DE-657D-429E-931E-1A450E416149}.Debug|Any CPU.Build.0 = Debug|Any CPU
		{0DCAA9DE-657D-429E-931E-1A450E416149}.Release|Any CPU.ActiveCfg = Release|Any CPU
		{0DCAA9DE-657D-429E-931E-1A450E416149}.Release|Any CPU.Build.0 = Release|Any CPU
		{E8C74CF0-D7A0-4531-8E0E-A3131546EE91}.Debug|Any CPU.ActiveCfg = Debug|Any CPU
		{E8C74CF0-D7A0-4531-8E0E-A3131546EE91}.Debug|Any CPU.Build.0 = Debug|Any CPU
		{E8C74CF0-D7A0-4531-8E0E-A3131546EE91}.Release|Any CPU.ActiveCfg = Release|Any CPU
		{E8C74CF0-D7A0-4531-8E0E-A3131546EE91}.Release|Any CPU.Build.0 = Release|Any CPU
		{4A6E76D6-49DA-4606-B8EE-AF96D8404A76}.Debug|Any CPU.ActiveCfg = Debug|Any CPU
		{4A6E76D6-49DA-4606-B8EE-AF96D8404A76}.Debug|Any CPU.Build.0 = Debug|Any CPU
		{4A6E76D6-49DA-4606-B8EE-AF96D8404A76}.Release|Any CPU.ActiveCfg = Release|Any CPU
		{4A6E76D6-49DA-4606-B8EE-AF96D8404A76}.Release|Any CPU.Build.0 = Release|Any CPU
		{9BD7AFA3-0F27-4372-8ABB-5A85B4B78506}.Debug|Any CPU.ActiveCfg = Debug|Any CPU
		{9BD7AFA3-0F27-4372-8ABB-5A85B4B78506}.Debug|Any CPU.Build.0 = Debug|Any CPU
		{9BD7AFA3-0F27-4372-8ABB-5A85B4B78506}.Release|Any CPU.ActiveCfg = Release|Any CPU
		{9BD7AFA3-0F27-4372-8ABB-5A85B4B78506}.Release|Any CPU.Build.0 = Release|Any CPU
		{955CAF64-E30A-4B56-89D6-40D634008F68}.Debug|Any CPU.ActiveCfg = Debug|Any CPU
		{955CAF64-E30A-4B56-89D6-40D634008F68}.Debug|Any CPU.Build.0 = Debug|Any CPU
		{955CAF64-E30A-4B56-89D6-40D634008F68}.Release|Any CPU.ActiveCfg = Release|Any CPU
		{955CAF64-E30A-4B56-89D6-40D634008F68}.Release|Any CPU.Build.0 = Release|Any CPU
		{3B528C8E-60DD-434E-81D7-C78700C7EF84}.Debug|Any CPU.ActiveCfg = Debug|Any CPU
		{3B528C8E-60DD-434E-81D7-C78700C7EF84}.Debug|Any CPU.Build.0 = Debug|Any CPU
		{3B528C8E-60DD-434E-81D7-C78700C7EF84}.Release|Any CPU.ActiveCfg = Release|Any CPU
		{3B528C8E-60DD-434E-81D7-C78700C7EF84}.Release|Any CPU.Build.0 = Release|Any CPU
	EndGlobalSection
	GlobalSection(NestedProjects) = preSolution
		{0DCAA9DE-657D-429E-931E-1A450E416149} = {88DCC8F7-7F75-4C9A-A387-12DE49C45351}
		{E8C74CF0-D7A0-4531-8E0E-A3131546EE91} = {88DCC8F7-7F75-4C9A-A387-12DE49C45351}
		{4A6E76D6-49DA-4606-B8EE-AF96D8404A76} = {3852254D-9E42-45D4-9A01-AF2B2A90CCE1}
		{9BD7AFA3-0F27-4372-8ABB-5A85B4B78506} = {3852254D-9E42-45D4-9A01-AF2B2A90CCE1}
		{955CAF64-E30A-4B56-89D6-40D634008F68} = {3852254D-9E42-45D4-9A01-AF2B2A90CCE1}
		{3B528C8E-60DD-434E-81D7-C78700C7EF84} = {3852254D-9E42-45D4-9A01-AF2B2A90CCE1}
	EndGlobalSection
EndGlobal
